
Microsoft Visual Studio Solution File, Format Version 12.00
# Visual Studio Version 16
VisualStudioVersion = 16.0.29424.173
MinimumVisualStudioVersion = 10.0.40219.1
Project("{9A19103F-16F7-4668-BE54-9A1E7A4F7556}") = "EmberKernel", "EmberKernel\EmberKernel.csproj", "{3B084FBD-F9EF-4285-B380-E3E170C4F1AD}"
EndProject
Project("{9A19103F-16F7-4668-BE54-9A1E7A4F7556}") = "EmberCore", "EmberCore\EmberCore.csproj", "{3A09A439-74EA-443F-884E-12E4ADE44967}"
EndProject
Project("{9A19103F-16F7-4668-BE54-9A1E7A4F7556}") = "ExamplePlugin", "ExamplePlugin\ExamplePlugin.csproj", "{D2E5F444-51AA-4CE8-A193-5648C1AC6974}"
EndProject
Project("{FAE04EC0-301F-11D3-BF4B-00C04F79EFBC}") = "EmberWeb", "EmberWeb\EmberWeb.csproj", "{A86A51A8-4381-45F2-A80C-70C04321A053}"
EndProject
Global
	GlobalSection(SolutionConfigurationPlatforms) = preSolution
		Debug|Any CPU = Debug|Any CPU
		Release|Any CPU = Release|Any CPU
	EndGlobalSection
	GlobalSection(ProjectConfigurationPlatforms) = postSolution
		{3B084FBD-F9EF-4285-B380-E3E170C4F1AD}.Debug|Any CPU.ActiveCfg = Debug|Any CPU
		{3B084FBD-F9EF-4285-B380-E3E170C4F1AD}.Debug|Any CPU.Build.0 = Debug|Any CPU
		{3B084FBD-F9EF-4285-B380-E3E170C4F1AD}.Release|Any CPU.ActiveCfg = Release|Any CPU
		{3B084FBD-F9EF-4285-B380-E3E170C4F1AD}.Release|Any CPU.Build.0 = Release|Any CPU
		{3A09A439-74EA-443F-884E-12E4ADE44967}.Debug|Any CPU.ActiveCfg = Debug|Any CPU
		{3A09A439-74EA-443F-884E-12E4ADE44967}.Debug|Any CPU.Build.0 = Debug|Any CPU
		{3A09A439-74EA-443F-884E-12E4ADE44967}.Release|Any CPU.ActiveCfg = Release|Any CPU
		{3A09A439-74EA-443F-884E-12E4ADE44967}.Release|Any CPU.Build.0 = Release|Any CPU
		{D2E5F444-51AA-4CE8-A193-5648C1AC6974}.Debug|Any CPU.ActiveCfg = Debug|Any CPU
		{D2E5F444-51AA-4CE8-A193-5648C1AC6974}.Debug|Any CPU.Build.0 = Debug|Any CPU
		{D2E5F444-51AA-4CE8-A193-5648C1AC6974}.Release|Any CPU.ActiveCfg = Release|Any CPU
		{D2E5F444-51AA-4CE8-A193-5648C1AC6974}.Release|Any CPU.Build.0 = Release|Any CPU
		{A86A51A8-4381-45F2-A80C-70C04321A053}.Debug|Any CPU.ActiveCfg = Debug|Any CPU
		{A86A51A8-4381-45F2-A80C-70C04321A053}.Debug|Any CPU.Build.0 = Debug|Any CPU
		{A86A51A8-4381-45F2-A80C-70C04321A053}.Release|Any CPU.ActiveCfg = Release|Any CPU
		{A86A51A8-4381-45F2-A80C-70C04321A053}.Release|Any CPU.Build.0 = Release|Any CPU
	EndGlobalSection
	GlobalSection(SolutionProperties) = preSolution
		HideSolutionNode = FALSE
	EndGlobalSection
	GlobalSection(ExtensibilityGlobals) = postSolution
		SolutionGuid = {57B800AC-CFE3-4081-8EC4-9BD1C74869B0}
	EndGlobalSection
EndGlobal
