
Microsoft Visual Studio Solution File, Format Version 12.00
# Visual Studio Version 16
VisualStudioVersion = 16.0.29424.173
MinimumVisualStudioVersion = 10.0.40219.1
Project("{9A19103F-16F7-4668-BE54-9A1E7A4F7556}") = "EmberKernel", "src\EmberKernel\EmberKernel.csproj", "{3B084FBD-F9EF-4285-B380-E3E170C4F1AD}"
EndProject
Project("{9A19103F-16F7-4668-BE54-9A1E7A4F7556}") = "EmberCore", "src\EmberCore\EmberCore.csproj", "{3A09A439-74EA-443F-884E-12E4ADE44967}"
EndProject
Project("{9A19103F-16F7-4668-BE54-9A1E7A4F7556}") = "ExamplePlugin", "src\plugins\ExamplePlugin\ExamplePlugin.csproj", "{D2E5F444-51AA-4CE8-A193-5648C1AC6974}"
EndProject
Project("{9A19103F-16F7-4668-BE54-9A1E7A4F7556}") = "EmberMemoryReader", "src\plugins\osu\EmberMemoryReader\EmberMemoryReader.csproj", "{0B879415-AAAB-4830-858F-14626C394E96}"
EndProject
Project("{2150E333-8FDC-42A3-9474-1A3956D46DE8}") = "share", "share", "{239B3BE6-770D-4BAD-AA11-FD91A2D62D02}"
EndProject
Project("{9A19103F-16F7-4668-BE54-9A1E7A4F7556}") = "OsuUtils", "src\share\osu\OsuUtils\OsuUtils.csproj", "{867D93CA-FA42-43F3-B193-82EA2925B367}"
EndProject
Project("{9A19103F-16F7-4668-BE54-9A1E7A4F7556}") = "EmberWpfCore", "src\EmberWpfCore\EmberWpfCore.csproj", "{2D33AA17-4CE7-4C77-9306-175F0D0A4E61}"
EndProject
Project("{2150E333-8FDC-42A3-9474-1A3956D46DE8}") = "plugins", "plugins", "{B93D5B77-B8CA-4B7A-B5BE-ABD27EB57D27}"
EndProject
Project("{9A19103F-16F7-4668-BE54-9A1E7A4F7556}") = "BeatmapDownloader", "src\plugins\osu\BeatmapDownloader\BeatmapDownloader.csproj", "{7BAED4BB-F3FF-4C96-A8E5-E1A1CC9F70EB}"
EndProject
Project("{9A19103F-16F7-4668-BE54-9A1E7A4F7556}") = "EmberSqlite", "src\share\EmberSqlite\EmberSqlite.csproj", "{F782E355-C279-4239-9D9E-5F1652E2619C}"
EndProject
Project("{9A19103F-16F7-4668-BE54-9A1E7A4F7556}") = "OsuSqliteDatabase", "src\share\osu\OsuSqliteDatabase\OsuSqliteDatabase.csproj", "{9DE8B7B9-6688-41CE-A525-F09E3BDA6A58}"
EndProject
Project("{9A19103F-16F7-4668-BE54-9A1E7A4F7556}") = "EmberSqliteSynchronizer", "src\plugins\osu\EmberSqliteSynchronizer\EmberSqliteSynchronizer.csproj", "{7C01191C-AD6E-40B4-A3BF-DA210EF44D35}"
EndProject
Project("{9A19103F-16F7-4668-BE54-9A1E7A4F7556}") = "EmberMemory", "src\share\EmberMemory\EmberMemory.csproj", "{108414BF-E078-48A1-864D-A92998AD9A38}"
EndProject
Project("{9A19103F-16F7-4668-BE54-9A1E7A4F7556}") = "BeatmapDownloader.WpfUI", "src\plugins\osu\BeatmapDownloader.WpfUI\BeatmapDownloader.WpfUI.csproj", "{FA04F594-996B-4A9D-A80F-7219C8F2C2DF}"
EndProject
Project("{9A19103F-16F7-4668-BE54-9A1E7A4F7556}") = "BeatmapDownloader.Database", "src\plugins\osu\BeatmapDownloader.Database\BeatmapDownloader.Database.csproj", "{0D9CB054-BA1A-441A-AD5D-AC75B295FBC0}"
EndProject
Project("{9A19103F-16F7-4668-BE54-9A1E7A4F7556}") = "BeatmapDownloader.Abstract", "src\plugins\osu\BeatmapDownloader.Abstract\BeatmapDownloader.Abstract.csproj", "{2A3B9BD0-A7B4-4CF2-8725-448606D2C0E7}"
EndProject
Project("{2150E333-8FDC-42A3-9474-1A3956D46DE8}") = "osu", "osu", "{9AECDFA1-D8A9-4189-A390-625ADB7D06E8}"
EndProject
Project("{2150E333-8FDC-42A3-9474-1A3956D46DE8}") = "osu", "osu", "{9D36F2F2-FD54-4E5F-9C56-C478ADB3F288}"
EndProject
Project("{2150E333-8FDC-42A3-9474-1A3956D46DE8}") = "src", "src", "{28043FE1-44A3-4D3D-B35E-51D4FAD3F3D5}"
EndProject
Project("{2150E333-8FDC-42A3-9474-1A3956D46DE8}") = "test", "test", "{24C7B291-5017-4842-A939-964E6612F79D}"
EndProject
Project("{FAE04EC0-301F-11D3-BF4B-00C04F79EFBC}") = "EmberCore.Test", "test\EmberCore.Test\EmberCore.Test.csproj", "{A6177054-20D6-409B-A332-2941E0CE3720}"
Project("{9A19103F-16F7-4668-BE54-9A1E7A4F7556}") = "PpCalculator", "src\plugins\osu\PpCalculator\PpCalculator.csproj", "{1C20F8C2-30D7-4F7C-9DD2-4DF0C88970ED}"
EndProject
Project("{FAE04EC0-301F-11D3-BF4B-00C04F79EFBC}") = "EmberMemoryReader.Abstract", "src\plugins\osu\EmberMemoryReader.Abstract\EmberMemoryReader.Abstract.csproj", "{91E9252C-FFBB-498A-83E3-BAB9D0C8D485}"
EndProject
Global
	GlobalSection(SolutionConfigurationPlatforms) = preSolution
		Debug|Any CPU = Debug|Any CPU
		Release|Any CPU = Release|Any CPU
	EndGlobalSection
	GlobalSection(ProjectConfigurationPlatforms) = postSolution
		{3B084FBD-F9EF-4285-B380-E3E170C4F1AD}.Debug|Any CPU.ActiveCfg = Debug|Any CPU
		{3B084FBD-F9EF-4285-B380-E3E170C4F1AD}.Debug|Any CPU.Build.0 = Debug|Any CPU
		{3B084FBD-F9EF-4285-B380-E3E170C4F1AD}.Release|Any CPU.ActiveCfg = Release|Any CPU
		{3B084FBD-F9EF-4285-B380-E3E170C4F1AD}.Release|Any CPU.Build.0 = Release|Any CPU
		{3A09A439-74EA-443F-884E-12E4ADE44967}.Debug|Any CPU.ActiveCfg = Debug|Any CPU
		{3A09A439-74EA-443F-884E-12E4ADE44967}.Debug|Any CPU.Build.0 = Debug|Any CPU
		{3A09A439-74EA-443F-884E-12E4ADE44967}.Release|Any CPU.ActiveCfg = Release|Any CPU
		{3A09A439-74EA-443F-884E-12E4ADE44967}.Release|Any CPU.Build.0 = Release|Any CPU
		{D2E5F444-51AA-4CE8-A193-5648C1AC6974}.Debug|Any CPU.ActiveCfg = Debug|Any CPU
		{D2E5F444-51AA-4CE8-A193-5648C1AC6974}.Debug|Any CPU.Build.0 = Debug|Any CPU
		{D2E5F444-51AA-4CE8-A193-5648C1AC6974}.Release|Any CPU.ActiveCfg = Release|Any CPU
		{D2E5F444-51AA-4CE8-A193-5648C1AC6974}.Release|Any CPU.Build.0 = Release|Any CPU
		{0B879415-AAAB-4830-858F-14626C394E96}.Debug|Any CPU.ActiveCfg = Debug|Any CPU
		{0B879415-AAAB-4830-858F-14626C394E96}.Debug|Any CPU.Build.0 = Debug|Any CPU
		{0B879415-AAAB-4830-858F-14626C394E96}.Release|Any CPU.ActiveCfg = Release|Any CPU
		{0B879415-AAAB-4830-858F-14626C394E96}.Release|Any CPU.Build.0 = Release|Any CPU
		{867D93CA-FA42-43F3-B193-82EA2925B367}.Debug|Any CPU.ActiveCfg = Debug|Any CPU
		{867D93CA-FA42-43F3-B193-82EA2925B367}.Debug|Any CPU.Build.0 = Debug|Any CPU
		{867D93CA-FA42-43F3-B193-82EA2925B367}.Release|Any CPU.ActiveCfg = Release|Any CPU
		{867D93CA-FA42-43F3-B193-82EA2925B367}.Release|Any CPU.Build.0 = Release|Any CPU
		{2D33AA17-4CE7-4C77-9306-175F0D0A4E61}.Debug|Any CPU.ActiveCfg = Debug|Any CPU
		{2D33AA17-4CE7-4C77-9306-175F0D0A4E61}.Debug|Any CPU.Build.0 = Debug|Any CPU
		{2D33AA17-4CE7-4C77-9306-175F0D0A4E61}.Release|Any CPU.ActiveCfg = Release|Any CPU
		{2D33AA17-4CE7-4C77-9306-175F0D0A4E61}.Release|Any CPU.Build.0 = Release|Any CPU
		{7BAED4BB-F3FF-4C96-A8E5-E1A1CC9F70EB}.Debug|Any CPU.ActiveCfg = Debug|Any CPU
		{7BAED4BB-F3FF-4C96-A8E5-E1A1CC9F70EB}.Debug|Any CPU.Build.0 = Debug|Any CPU
		{7BAED4BB-F3FF-4C96-A8E5-E1A1CC9F70EB}.Release|Any CPU.ActiveCfg = Release|Any CPU
		{7BAED4BB-F3FF-4C96-A8E5-E1A1CC9F70EB}.Release|Any CPU.Build.0 = Release|Any CPU
		{F782E355-C279-4239-9D9E-5F1652E2619C}.Debug|Any CPU.ActiveCfg = Debug|Any CPU
		{F782E355-C279-4239-9D9E-5F1652E2619C}.Debug|Any CPU.Build.0 = Debug|Any CPU
		{F782E355-C279-4239-9D9E-5F1652E2619C}.Release|Any CPU.ActiveCfg = Release|Any CPU
		{F782E355-C279-4239-9D9E-5F1652E2619C}.Release|Any CPU.Build.0 = Release|Any CPU
		{9DE8B7B9-6688-41CE-A525-F09E3BDA6A58}.Debug|Any CPU.ActiveCfg = Debug|Any CPU
		{9DE8B7B9-6688-41CE-A525-F09E3BDA6A58}.Debug|Any CPU.Build.0 = Debug|Any CPU
		{9DE8B7B9-6688-41CE-A525-F09E3BDA6A58}.Release|Any CPU.ActiveCfg = Release|Any CPU
		{9DE8B7B9-6688-41CE-A525-F09E3BDA6A58}.Release|Any CPU.Build.0 = Release|Any CPU
		{7C01191C-AD6E-40B4-A3BF-DA210EF44D35}.Debug|Any CPU.ActiveCfg = Debug|Any CPU
		{7C01191C-AD6E-40B4-A3BF-DA210EF44D35}.Debug|Any CPU.Build.0 = Debug|Any CPU
		{7C01191C-AD6E-40B4-A3BF-DA210EF44D35}.Release|Any CPU.ActiveCfg = Release|Any CPU
		{7C01191C-AD6E-40B4-A3BF-DA210EF44D35}.Release|Any CPU.Build.0 = Release|Any CPU
		{108414BF-E078-48A1-864D-A92998AD9A38}.Debug|Any CPU.ActiveCfg = Debug|Any CPU
		{108414BF-E078-48A1-864D-A92998AD9A38}.Debug|Any CPU.Build.0 = Debug|Any CPU
		{108414BF-E078-48A1-864D-A92998AD9A38}.Release|Any CPU.ActiveCfg = Release|Any CPU
		{108414BF-E078-48A1-864D-A92998AD9A38}.Release|Any CPU.Build.0 = Release|Any CPU
		{FA04F594-996B-4A9D-A80F-7219C8F2C2DF}.Debug|Any CPU.ActiveCfg = Debug|Any CPU
		{FA04F594-996B-4A9D-A80F-7219C8F2C2DF}.Debug|Any CPU.Build.0 = Debug|Any CPU
		{FA04F594-996B-4A9D-A80F-7219C8F2C2DF}.Release|Any CPU.ActiveCfg = Release|Any CPU
		{FA04F594-996B-4A9D-A80F-7219C8F2C2DF}.Release|Any CPU.Build.0 = Release|Any CPU
		{0D9CB054-BA1A-441A-AD5D-AC75B295FBC0}.Debug|Any CPU.ActiveCfg = Debug|Any CPU
		{0D9CB054-BA1A-441A-AD5D-AC75B295FBC0}.Debug|Any CPU.Build.0 = Debug|Any CPU
		{0D9CB054-BA1A-441A-AD5D-AC75B295FBC0}.Release|Any CPU.ActiveCfg = Release|Any CPU
		{0D9CB054-BA1A-441A-AD5D-AC75B295FBC0}.Release|Any CPU.Build.0 = Release|Any CPU
		{2A3B9BD0-A7B4-4CF2-8725-448606D2C0E7}.Debug|Any CPU.ActiveCfg = Debug|Any CPU
		{2A3B9BD0-A7B4-4CF2-8725-448606D2C0E7}.Debug|Any CPU.Build.0 = Debug|Any CPU
		{2A3B9BD0-A7B4-4CF2-8725-448606D2C0E7}.Release|Any CPU.ActiveCfg = Release|Any CPU
		{2A3B9BD0-A7B4-4CF2-8725-448606D2C0E7}.Release|Any CPU.Build.0 = Release|Any CPU
		{A6177054-20D6-409B-A332-2941E0CE3720}.Debug|Any CPU.ActiveCfg = Debug|Any CPU
		{A6177054-20D6-409B-A332-2941E0CE3720}.Debug|Any CPU.Build.0 = Debug|Any CPU
		{A6177054-20D6-409B-A332-2941E0CE3720}.Release|Any CPU.ActiveCfg = Release|Any CPU
		{A6177054-20D6-409B-A332-2941E0CE3720}.Release|Any CPU.Build.0 = Release|Any CPU
		{1C20F8C2-30D7-4F7C-9DD2-4DF0C88970ED}.Debug|Any CPU.ActiveCfg = Debug|Any CPU
		{1C20F8C2-30D7-4F7C-9DD2-4DF0C88970ED}.Debug|Any CPU.Build.0 = Debug|Any CPU
		{1C20F8C2-30D7-4F7C-9DD2-4DF0C88970ED}.Release|Any CPU.ActiveCfg = Release|Any CPU
		{1C20F8C2-30D7-4F7C-9DD2-4DF0C88970ED}.Release|Any CPU.Build.0 = Release|Any CPU
		{91E9252C-FFBB-498A-83E3-BAB9D0C8D485}.Debug|Any CPU.ActiveCfg = Debug|Any CPU
		{91E9252C-FFBB-498A-83E3-BAB9D0C8D485}.Debug|Any CPU.Build.0 = Debug|Any CPU
		{91E9252C-FFBB-498A-83E3-BAB9D0C8D485}.Release|Any CPU.ActiveCfg = Release|Any CPU
		{91E9252C-FFBB-498A-83E3-BAB9D0C8D485}.Release|Any CPU.Build.0 = Release|Any CPU
	EndGlobalSection
	GlobalSection(SolutionProperties) = preSolution
		HideSolutionNode = FALSE
	EndGlobalSection
	GlobalSection(NestedProjects) = preSolution
		{3B084FBD-F9EF-4285-B380-E3E170C4F1AD} = {28043FE1-44A3-4D3D-B35E-51D4FAD3F3D5}
		{3A09A439-74EA-443F-884E-12E4ADE44967} = {28043FE1-44A3-4D3D-B35E-51D4FAD3F3D5}
		{D2E5F444-51AA-4CE8-A193-5648C1AC6974} = {B93D5B77-B8CA-4B7A-B5BE-ABD27EB57D27}
		{0B879415-AAAB-4830-858F-14626C394E96} = {9AECDFA1-D8A9-4189-A390-625ADB7D06E8}
		{239B3BE6-770D-4BAD-AA11-FD91A2D62D02} = {28043FE1-44A3-4D3D-B35E-51D4FAD3F3D5}
		{867D93CA-FA42-43F3-B193-82EA2925B367} = {9D36F2F2-FD54-4E5F-9C56-C478ADB3F288}
		{2D33AA17-4CE7-4C77-9306-175F0D0A4E61} = {28043FE1-44A3-4D3D-B35E-51D4FAD3F3D5}
		{B93D5B77-B8CA-4B7A-B5BE-ABD27EB57D27} = {28043FE1-44A3-4D3D-B35E-51D4FAD3F3D5}
		{7BAED4BB-F3FF-4C96-A8E5-E1A1CC9F70EB} = {9AECDFA1-D8A9-4189-A390-625ADB7D06E8}
		{F782E355-C279-4239-9D9E-5F1652E2619C} = {239B3BE6-770D-4BAD-AA11-FD91A2D62D02}
		{9DE8B7B9-6688-41CE-A525-F09E3BDA6A58} = {9D36F2F2-FD54-4E5F-9C56-C478ADB3F288}
		{7C01191C-AD6E-40B4-A3BF-DA210EF44D35} = {9AECDFA1-D8A9-4189-A390-625ADB7D06E8}
		{108414BF-E078-48A1-864D-A92998AD9A38} = {239B3BE6-770D-4BAD-AA11-FD91A2D62D02}
		{FA04F594-996B-4A9D-A80F-7219C8F2C2DF} = {9AECDFA1-D8A9-4189-A390-625ADB7D06E8}
		{0D9CB054-BA1A-441A-AD5D-AC75B295FBC0} = {9AECDFA1-D8A9-4189-A390-625ADB7D06E8}
		{2A3B9BD0-A7B4-4CF2-8725-448606D2C0E7} = {9AECDFA1-D8A9-4189-A390-625ADB7D06E8}
		{9AECDFA1-D8A9-4189-A390-625ADB7D06E8} = {B93D5B77-B8CA-4B7A-B5BE-ABD27EB57D27}
		{9D36F2F2-FD54-4E5F-9C56-C478ADB3F288} = {239B3BE6-770D-4BAD-AA11-FD91A2D62D02}
		{A6177054-20D6-409B-A332-2941E0CE3720} = {24C7B291-5017-4842-A939-964E6612F79D}
		{1C20F8C2-30D7-4F7C-9DD2-4DF0C88970ED} = {9AECDFA1-D8A9-4189-A390-625ADB7D06E8}
		{91E9252C-FFBB-498A-83E3-BAB9D0C8D485} = {9AECDFA1-D8A9-4189-A390-625ADB7D06E8}
	EndGlobalSection
	GlobalSection(ExtensibilityGlobals) = postSolution
		SolutionGuid = {57B800AC-CFE3-4081-8EC4-9BD1C74869B0}
	EndGlobalSection
EndGlobal
